{
  "name": "halo",
  "version": "1.0.0",
  "lockfileVersion": 3,
  "requires": true,
  "packages": {
    "": {
      "name": "halo",
      "version": "1.0.0",
      "hasInstallScript": true,
      "license": "MIT",
      "dependencies": {
        "@fast-csv/parse": "^4.3.6",
        "axios": "^0.25.0",
        "date-fns": "^2.28.0",
        "fast-csv": "^4.3.6",
        "just-left-pad": "^3.0.1"
      }
    },
    "node_modules/@fast-csv/format": {
      "version": "4.3.5",
      "resolved": "https://registry.npmjs.org/@fast-csv/format/-/format-4.3.5.tgz",
      "integrity": "sha512-8iRn6QF3I8Ak78lNAa+Gdl5MJJBM5vRHivFtMRUWINdevNo00K7OXxS2PshawLKTejVwieIlPmK5YlLu6w4u8A==",
      "dependencies": {
        "@types/node": "^14.0.1",
        "lodash.escaperegexp": "^4.1.2",
        "lodash.isboolean": "^3.0.3",
        "lodash.isequal": "^4.5.0",
        "lodash.isfunction": "^3.0.9",
        "lodash.isnil": "^4.0.0"
      }
    },
    "node_modules/@fast-csv/parse": {
      "version": "4.3.6",
      "resolved": "https://registry.npmjs.org/@fast-csv/parse/-/parse-4.3.6.tgz",
      "integrity": "sha512-uRsLYksqpbDmWaSmzvJcuApSEe38+6NQZBUsuAyMZKqHxH0g1wcJgsKUvN3WC8tewaqFjBMMGrkHmC+T7k8LvA==",
      "dependencies": {
        "@types/node": "^14.0.1",
        "lodash.escaperegexp": "^4.1.2",
        "lodash.groupby": "^4.6.0",
        "lodash.isfunction": "^3.0.9",
        "lodash.isnil": "^4.0.0",
        "lodash.isundefined": "^3.0.1",
        "lodash.uniq": "^4.5.0"
      }
    },
    "node_modules/@types/node": {
      "version": "14.18.36",
      "resolved": "https://registry.npmjs.org/@types/node/-/node-14.18.36.tgz",
      "integrity": "sha512-FXKWbsJ6a1hIrRxv+FoukuHnGTgEzKYGi7kilfMae96AL9UNkPFNWJEEYWzdRI9ooIkbr4AKldyuSTLql06vLQ=="
    },
    "node_modules/axios": {
      "version": "0.25.0",
      "resolved": "https://registry.npmjs.org/axios/-/axios-0.25.0.tgz",
      "integrity": "sha512-cD8FOb0tRH3uuEe6+evtAbgJtfxr7ly3fQjYcMcuPlgkwVS9xboaVIpcDV+cYQe+yGykgwZCs1pzjntcGa6l5g==",
      "dependencies": {
        "follow-redirects": "^1.14.7"
      }
    },
    "node_modules/date-fns": {
      "version": "2.29.3",
      "resolved": "https://registry.npmjs.org/date-fns/-/date-fns-2.29.3.tgz",
      "integrity": "sha512-dDCnyH2WnnKusqvZZ6+jA1O51Ibt8ZMRNkDZdyAyK4YfbDwa/cEmuztzG5pk6hqlp9aSBPYcjOlktquahGwGeA==",
      "engines": {
        "node": ">=0.11"
      },
      "funding": {
        "type": "opencollective",
        "url": "https://opencollective.com/date-fns"
      }
    },
    "node_modules/fast-csv": {
      "version": "4.3.6",
      "resolved": "https://registry.npmjs.org/fast-csv/-/fast-csv-4.3.6.tgz",
      "integrity": "sha512-2RNSpuwwsJGP0frGsOmTb9oUF+VkFSM4SyLTDgwf2ciHWTarN0lQTC+F2f/t5J9QjW+c65VFIAAu85GsvMIusw==",
      "dependencies": {
        "@fast-csv/format": "4.3.5",
        "@fast-csv/parse": "4.3.6"
      },
      "engines": {
        "node": ">=10.0.0"
      }
    },
    "node_modules/follow-redirects": {
      "version": "1.15.2",
      "resolved": "https://registry.npmjs.org/follow-redirects/-/follow-redirects-1.15.2.tgz",
      "integrity": "sha512-VQLG33o04KaQ8uYi2tVNbdrWp1QWxNNea+nmIB4EVM28v0hmP17z7aG1+wAkNzVq4KeXTq3221ye5qTJP91JwA==",
      "funding": [
        {
          "type": "individual",
          "url": "https://github.com/sponsors/RubenVerborgh"
        }
      ],
      "engines": {
        "node": ">=4.0"
      },
      "peerDependenciesMeta": {
        "debug": {
          "optional": true
        }
      }
    },
    "node_modules/just-left-pad": {
      "version": "3.2.0",
      "resolved": "https://registry.npmjs.org/just-left-pad/-/just-left-pad-3.2.0.tgz",
      "integrity": "sha512-WA3MulRnxj4m1TOzkTrR7JjrxOYlPrtmy70gGs3GAtOqm6XKItydz+rmnYd0m6qeouIT/euu3uyt8E0uTUkyjQ=="
    },
    "node_modules/lodash.escaperegexp": {
      "version": "4.1.2",
      "resolved": "https://registry.npmjs.org/lodash.escaperegexp/-/lodash.escaperegexp-4.1.2.tgz",
      "integrity": "sha512-TM9YBvyC84ZxE3rgfefxUWiQKLilstD6k7PTGt6wfbtXF8ixIJLOL3VYyV/z+ZiPLsVxAsKAFVwWlWeb2Y8Yyw=="
    },
    "node_modules/lodash.groupby": {
      "version": "4.6.0",
      "resolved": "https://registry.npmjs.org/lodash.groupby/-/lodash.groupby-4.6.0.tgz",
      "integrity": "sha512-5dcWxm23+VAoz+awKmBaiBvzox8+RqMgFhi7UvX9DHZr2HdxHXM/Wrf8cfKpsW37RNrvtPn6hSwNqurSILbmJw=="
    },
    "node_modules/lodash.isboolean": {
      "version": "3.0.3",
      "resolved": "https://registry.npmjs.org/lodash.isboolean/-/lodash.isboolean-3.0.3.tgz",
      "integrity": "sha512-Bz5mupy2SVbPHURB98VAcw+aHh4vRV5IPNhILUCsOzRmsTmSQ17jIuqopAentWoehktxGd9e/hbIXq980/1QJg=="
    },
    "node_modules/lodash.isequal": {
      "version": "4.5.0",
      "resolved": "https://registry.npmjs.org/lodash.isequal/-/lodash.isequal-4.5.0.tgz",
      "integrity": "sha512-pDo3lu8Jhfjqls6GkMgpahsF9kCyayhgykjyLMNFTKWrpVdAQtYyB4muAMWozBB4ig/dtWAmsMxLEI8wuz+DYQ=="
    },
    "node_modules/lodash.isfunction": {
      "version": "3.0.9",
      "resolved": "https://registry.npmjs.org/lodash.isfunction/-/lodash.isfunction-3.0.9.tgz",
      "integrity": "sha512-AirXNj15uRIMMPihnkInB4i3NHeb4iBtNg9WRWuK2o31S+ePwwNmDPaTL3o7dTJ+VXNZim7rFs4rxN4YU1oUJw=="
    },
    "node_modules/lodash.isnil": {
      "version": "4.0.0",
      "resolved": "https://registry.npmjs.org/lodash.isnil/-/lodash.isnil-4.0.0.tgz",
      "integrity": "sha512-up2Mzq3545mwVnMhTDMdfoG1OurpA/s5t88JmQX809eH3C8491iu2sfKhTfhQtKY78oPNhiaHJUpT/dUDAAtng=="
    },
    "node_modules/lodash.isundefined": {
      "version": "3.0.1",
      "resolved": "https://registry.npmjs.org/lodash.isundefined/-/lodash.isundefined-3.0.1.tgz",
      "integrity": "sha512-MXB1is3s899/cD8jheYYE2V9qTHwKvt+npCwpD+1Sxm3Q3cECXCiYHjeHWXNwr6Q0SOBPrYUDxendrO6goVTEA=="
    },
    "node_modules/lodash.uniq": {
      "version": "4.5.0",
      "resolved": "https://registry.npmjs.org/lodash.uniq/-/lodash.uniq-4.5.0.tgz",
      "integrity": "sha512-xfBaXQd9ryd9dlSDvnvI0lvxfLJlYAZzXomUYzLKtUeOQvOP5piqAWuGtrhWeqaXK9hhoM/iyJc5AV+XfsX3HQ=="
    }
  }
}
