# THIS IS AN AUTOGENERATED FILE. DO NOT EDIT THIS FILE DIRECTLY.
# yarn lockfile v1


"@fast-csv/format@4.3.5":
  "integrity" "sha512-8iRn6QF3I8Ak78lNAa+Gdl5MJJBM5vRHivFtMRUWINdevNo00K7OXxS2PshawLKTejVwieIlPmK5YlLu6w4u8A=="
  "resolved" "https://registry.npmjs.org/@fast-csv/format/-/format-4.3.5.tgz"
  "version" "4.3.5"
  dependencies:
    "@types/node" "^14.0.1"
    "lodash.escaperegexp" "^4.1.2"
    "lodash.isboolean" "^3.0.3"
    "lodash.isequal" "^4.5.0"
    "lodash.isfunction" "^3.0.9"
    "lodash.isnil" "^4.0.0"

"@fast-csv/parse@^4.3.6", "@fast-csv/parse@4.3.6":
  "integrity" "sha512-uRsLYksqpbDmWaSmzvJcuApSEe38+6NQZBUsuAyMZKqHxH0g1wcJgsKUvN3WC8tewaqFjBMMGrkHmC+T7k8LvA=="
  "resolved" "https://registry.npmjs.org/@fast-csv/parse/-/parse-4.3.6.tgz"
  "version" "4.3.6"
  dependencies:
    "@types/node" "^14.0.1"
    "lodash.escaperegexp" "^4.1.2"
    "lodash.groupby" "^4.6.0"
    "lodash.isfunction" "^3.0.9"
    "lodash.isnil" "^4.0.0"
    "lodash.isundefined" "^3.0.1"
    "lodash.uniq" "^4.5.0"

"@types/node@^14.0.1":
  "integrity" "sha512-FXKWbsJ6a1hIrRxv+FoukuHnGTgEzKYGi7kilfMae96AL9UNkPFNWJEEYWzdRI9ooIkbr4AKldyuSTLql06vLQ=="
  "resolved" "https://registry.npmjs.org/@types/node/-/node-14.18.36.tgz"
  "version" "14.18.36"

"axios@^0.25.0":
  "integrity" "sha512-cD8FOb0tRH3uuEe6+evtAbgJtfxr7ly3fQjYcMcuPlgkwVS9xboaVIpcDV+cYQe+yGykgwZCs1pzjntcGa6l5g=="
  "resolved" "https://registry.npmjs.org/axios/-/axios-0.25.0.tgz"
  "version" "0.25.0"
  dependencies:
    "follow-redirects" "^1.14.7"

"date-fns@^2.28.0":
  "integrity" "sha512-dDCnyH2WnnKusqvZZ6+jA1O51Ibt8ZMRNkDZdyAyK4YfbDwa/cEmuztzG5pk6hqlp9aSBPYcjOlktquahGwGeA=="
  "resolved" "https://registry.npmjs.org/date-fns/-/date-fns-2.29.3.tgz"
  "version" "2.29.3"

"fast-csv@^4.3.6":
  "integrity" "sha512-2RNSpuwwsJGP0frGsOmTb9oUF+VkFSM4SyLTDgwf2ciHWTarN0lQTC+F2f/t5J9QjW+c65VFIAAu85GsvMIusw=="
  "resolved" "https://registry.npmjs.org/fast-csv/-/fast-csv-4.3.6.tgz"
  "version" "4.3.6"
  dependencies:
    "@fast-csv/format" "4.3.5"
    "@fast-csv/parse" "4.3.6"

"follow-redirects@^1.14.7":
  "integrity" "sha512-VQLG33o04KaQ8uYi2tVNbdrWp1QWxNNea+nmIB4EVM28v0hmP17z7aG1+wAkNzVq4KeXTq3221ye5qTJP91JwA=="
  "resolved" "https://registry.npmjs.org/follow-redirects/-/follow-redirects-1.15.2.tgz"
  "version" "1.15.2"

"just-left-pad@^3.0.1":
  "integrity" "sha512-WA3MulRnxj4m1TOzkTrR7JjrxOYlPrtmy70gGs3GAtOqm6XKItydz+rmnYd0m6qeouIT/euu3uyt8E0uTUkyjQ=="
  "resolved" "https://registry.npmjs.org/just-left-pad/-/just-left-pad-3.2.0.tgz"
  "version" "3.2.0"

"lodash.escaperegexp@^4.1.2":
  "integrity" "sha512-TM9YBvyC84ZxE3rgfefxUWiQKLilstD6k7PTGt6wfbtXF8ixIJLOL3VYyV/z+ZiPLsVxAsKAFVwWlWeb2Y8Yyw=="
  "resolved" "https://registry.npmjs.org/lodash.escaperegexp/-/lodash.escaperegexp-4.1.2.tgz"
  "version" "4.1.2"

"lodash.groupby@^4.6.0":
  "integrity" "sha512-5dcWxm23+VAoz+awKmBaiBvzox8+RqMgFhi7UvX9DHZr2HdxHXM/Wrf8cfKpsW37RNrvtPn6hSwNqurSILbmJw=="
  "resolved" "https://registry.npmjs.org/lodash.groupby/-/lodash.groupby-4.6.0.tgz"
  "version" "4.6.0"

"lodash.isboolean@^3.0.3":
  "integrity" "sha512-Bz5mupy2SVbPHURB98VAcw+aHh4vRV5IPNhILUCsOzRmsTmSQ17jIuqopAentWoehktxGd9e/hbIXq980/1QJg=="
  "resolved" "https://registry.npmjs.org/lodash.isboolean/-/lodash.isboolean-3.0.3.tgz"
  "version" "3.0.3"

"lodash.isequal@^4.5.0":
  "integrity" "sha512-pDo3lu8Jhfjqls6GkMgpahsF9kCyayhgykjyLMNFTKWrpVdAQtYyB4muAMWozBB4ig/dtWAmsMxLEI8wuz+DYQ=="
  "resolved" "https://registry.npmjs.org/lodash.isequal/-/lodash.isequal-4.5.0.tgz"
  "version" "4.5.0"

"lodash.isfunction@^3.0.9":
  "integrity" "sha512-AirXNj15uRIMMPihnkInB4i3NHeb4iBtNg9WRWuK2o31S+ePwwNmDPaTL3o7dTJ+VXNZim7rFs4rxN4YU1oUJw=="
  "resolved" "https://registry.npmjs.org/lodash.isfunction/-/lodash.isfunction-3.0.9.tgz"
  "version" "3.0.9"

"lodash.isnil@^4.0.0":
  "integrity" "sha512-up2Mzq3545mwVnMhTDMdfoG1OurpA/s5t88JmQX809eH3C8491iu2sfKhTfhQtKY78oPNhiaHJUpT/dUDAAtng=="
  "resolved" "https://registry.npmjs.org/lodash.isnil/-/lodash.isnil-4.0.0.tgz"
  "version" "4.0.0"

"lodash.isundefined@^3.0.1":
  "integrity" "sha512-MXB1is3s899/cD8jheYYE2V9qTHwKvt+npCwpD+1Sxm3Q3cECXCiYHjeHWXNwr6Q0SOBPrYUDxendrO6goVTEA=="
  "resolved" "https://registry.npmjs.org/lodash.isundefined/-/lodash.isundefined-3.0.1.tgz"
  "version" "3.0.1"

"lodash.uniq@^4.5.0":
  "integrity" "sha512-xfBaXQd9ryd9dlSDvnvI0lvxfLJlYAZzXomUYzLKtUeOQvOP5piqAWuGtrhWeqaXK9hhoM/iyJc5AV+XfsX3HQ=="
  "resolved" "https://registry.npmjs.org/lodash.uniq/-/lodash.uniq-4.5.0.tgz"
  "version" "4.5.0"
